
Microsoft Visual Studio Solution File, Format Version 12.00
# Visual Studio 15
VisualStudioVersion = 15.0.26730.16
MinimumVisualStudioVersion = 10.0.40219.1
Project("{FAE04EC0-301F-11D3-BF4B-00C04F79EFBC}") = "Test0707", "Test0707\Test0707.csproj", "{D0EED613-077A-476F-B221-D05004CC8093}"
EndProject
Project("{FAE04EC0-301F-11D3-BF4B-00C04F79EFBC}") = "Common", "Common\Common.csproj", "{38C2A73E-3542-47C4-9078-E8D1B4CF8FDE}"
EndProject
Project("{FAE04EC0-301F-11D3-BF4B-00C04F79EFBC}") = "DAL", "DAL\DAL.csproj", "{2C465413-42C8-4ACA-B214-D0869EE6CDBE}"
EndProject
Project("{FAE04EC0-301F-11D3-BF4B-00C04F79EFBC}") = "Models", "Models\Models.csproj", "{3D75452C-C3C7-401D-BD0A-98B70C3734A5}"
EndProject
Global
	GlobalSection(SolutionConfigurationPlatforms) = preSolution
		Debug|Any CPU = Debug|Any CPU
		Release|Any CPU = Release|Any CPU
	EndGlobalSection
	GlobalSection(ProjectConfigurationPlatforms) = postSolution
		{D0EED613-077A-476F-B221-D05004CC8093}.Debug|Any CPU.ActiveCfg = Debug|Any CPU
		{D0EED613-077A-476F-B221-D05004CC8093}.Debug|Any CPU.Build.0 = Debug|Any CPU
		{D0EED613-077A-476F-B221-D05004CC8093}.Release|Any CPU.ActiveCfg = Release|Any CPU
		{D0EED613-077A-476F-B221-D05004CC8093}.Release|Any CPU.Build.0 = Release|Any CPU
		{38C2A73E-3542-47C4-9078-E8D1B4CF8FDE}.Debug|Any CPU.ActiveCfg = Debug|Any CPU
		{38C2A73E-3542-47C4-9078-E8D1B4CF8FDE}.Debug|Any CPU.Build.0 = Debug|Any CPU
		{38C2A73E-3542-47C4-9078-E8D1B4CF8FDE}.Release|Any CPU.ActiveCfg = Release|Any CPU
		{38C2A73E-3542-47C4-9078-E8D1B4CF8FDE}.Release|Any CPU.Build.0 = Release|Any CPU
		{2C465413-42C8-4ACA-B214-D0869EE6CDBE}.Debug|Any CPU.ActiveCfg = Debug|Any CPU
		{2C465413-42C8-4ACA-B214-D0869EE6CDBE}.Debug|Any CPU.Build.0 = Debug|Any CPU
		{2C465413-42C8-4ACA-B214-D0869EE6CDBE}.Release|Any CPU.ActiveCfg = Release|Any CPU
		{2C465413-42C8-4ACA-B214-D0869EE6CDBE}.Release|Any CPU.Build.0 = Release|Any CPU
		{3D75452C-C3C7-401D-BD0A-98B70C3734A5}.Debug|Any CPU.ActiveCfg = Debug|Any CPU
		{3D75452C-C3C7-401D-BD0A-98B70C3734A5}.Debug|Any CPU.Build.0 = Debug|Any CPU
		{3D75452C-C3C7-401D-BD0A-98B70C3734A5}.Release|Any CPU.ActiveCfg = Release|Any CPU
		{3D75452C-C3C7-401D-BD0A-98B70C3734A5}.Release|Any CPU.Build.0 = Release|Any CPU
	EndGlobalSection
	GlobalSection(SolutionProperties) = preSolution
		HideSolutionNode = FALSE
	EndGlobalSection
	GlobalSection(ExtensibilityGlobals) = postSolution
		SolutionGuid = {9AB05F80-525E-4EF0-A560-08CC644BE4B5}
	EndGlobalSection
EndGlobal
